{
  "version": 4,
  "terraform_version": "1.5.2",
  "serial": 4,
  "lineage": "fd08f5f6-5708-d6d7-c4dd-b629a9ea6d4c",
  "outputs": {},
  "resources": [
    {
      "mode": "managed",
      "type": "github_issue",
      "name": "first-issue",
      "provider": "provider[\"registry.terraform.io/integrations/github\"]",
      "instances": [
        {
          "schema_version": 0,
          "attributes": {
            "assignees": null,
            "body": "this issue was created with terraform",
            "etag": "W/\"9d1225c02bd53a0f202b060bbcac16f68c1791f4fc1930ff7050e6ce48ec9fbb\"",
            "id": "terraform-repo-0:1",
            "issue_id": 1790582187,
            "labels": null,
            "milestone_number": 0,
            "number": 1,
            "repository": "terraform-repo-0",
            "title": "Terraform issue"
          },
          "sensitive_attributes": [],
          "private": "bnVsbA==",
          "dependencies": [
            "github_repository.terraform-repos"
          ]
        }
      ]
    },
    {
      "mode": "managed",
      "type": "github_repository",
      "name": "terraform-repos",
      "provider": "provider[\"registry.terraform.io/integrations/github\"]",
      "instances": [
        {
          "schema_version": 1,
          "attributes": {
            "allow_auto_merge": false,
            "allow_merge_commit": true,
            "allow_rebase_merge": true,
            "allow_squash_merge": true,
            "allow_update_branch": false,
            "archive_on_destroy": null,
            "archived": false,
            "auto_init": true,
            "default_branch": "main",
            "delete_branch_on_merge": false,
            "description": "this repo was created with a terraform github provider",
            "etag": "W/\"2a5e93e2873b4cbef2d4bc725137e1a3ee058ea87841fa56a6a7b776f5d8d30c\"",
            "full_name": "kneyugn/terraform-repo-0",
            "git_clone_url": "git://github.com/kneyugn/terraform-repo-0.git",
            "gitignore_template": null,
            "has_discussions": false,
            "has_downloads": false,
            "has_issues": true,
            "has_projects": false,
            "has_wiki": false,
            "homepage_url": "",
            "html_url": "https://github.com/kneyugn/terraform-repo-0",
            "http_clone_url": "https://github.com/kneyugn/terraform-repo-0.git",
            "id": "terraform-repo-0",
            "ignore_vulnerability_alerts_during_read": null,
            "is_template": false,
            "license_template": null,
            "merge_commit_message": "PR_TITLE",
            "merge_commit_title": "MERGE_MESSAGE",
            "name": "terraform-repo-0",
            "node_id": "R_kgDOJ4HPpQ",
            "pages": [],
            "private": false,
            "repo_id": 662818725,
            "security_and_analysis": [
              {
                "advanced_security": [],
                "secret_scanning": [
                  {
                    "status": "disabled"
                  }
                ],
                "secret_scanning_push_protection": [
                  {
                    "status": "disabled"
                  }
                ]
              }
            ],
            "squash_merge_commit_message": "COMMIT_MESSAGES",
            "squash_merge_commit_title": "COMMIT_OR_PR_TITLE",
            "ssh_clone_url": "git@github.com:kneyugn/terraform-repo-0.git",
            "svn_url": "https://github.com/kneyugn/terraform-repo-0",
            "template": [],
            "topics": null,
            "visibility": "public",
            "vulnerability_alerts": false
          },
          "sensitive_attributes": [],
          "private": "eyJzY2hlbWFfdmVyc2lvbiI6IjEifQ=="
        }
      ]
    },
    {
      "mode": "managed",
      "type": "github_repository_file",
      "name": "file-created",
      "provider": "provider[\"registry.terraform.io/integrations/github\"]",
      "instances": [
        {
          "schema_version": 0,
          "attributes": {
            "branch": "main",
            "commit_author": "Terraform User",
            "commit_email": "terraform@example.com",
            "commit_message": "Managed by Terraform",
            "commit_sha": "e91b54c0f396e278fbcbc7b43c4304ad08e1a45e",
            "content": "**/*.tfstate",
            "file": ".gitignore",
            "id": "terraform-repo-0/.gitignore",
            "overwrite_on_create": true,
            "ref": "main",
            "repository": "terraform-repo-0",
            "sha": "237d7f116f496b3fcd78805370d2dc83192976b2"
          },
          "sensitive_attributes": [],
          "private": "bnVsbA==",
          "dependencies": [
            "github_repository.terraform-repos"
          ]
        }
      ]
    }
  ],
  "check_results": null
}
