{
  "version": 4,
  "terraform_version": "1.5.2",
  "serial": 12,
  "lineage": "fd08f5f6-5708-d6d7-c4dd-b629a9ea6d4c",
  "outputs": {},
  "resources": [
    {
      "mode": "managed",
      "type": "github_issue",
      "name": "first-issue",
      "provider": "provider[\"registry.terraform.io/integrations/github\"]",
      "instances": [
        {
          "index_key": 0,
          "schema_version": 0,
          "attributes": {
            "assignees": null,
            "body": "this issue was created with terraform 0",
            "etag": "W/\"2739e753579d64a0e27dcdc87d563223e2669e45408b4517183141334fdfd484\"",
            "id": "terraform-repo-0:1",
            "issue_id": 1790582187,
            "labels": null,
            "milestone_number": 0,
            "number": 1,
            "repository": "terraform-repo-0",
            "title": "Terraform issue 0"
          },
          "sensitive_attributes": [],
          "private": "bnVsbA==",
          "dependencies": [
            "github_repository.terraform-repos"
          ]
        },
        {
          "index_key": 1,
          "schema_version": 0,
          "attributes": {
            "assignees": null,
            "body": "this issue was created with terraform 1",
            "etag": "W/\"d9f2e0a777589aa578546073798e98cdc3df992ec1718202a113bc1f3b9bf290\"",
            "id": "terraform-repo-0:3",
            "issue_id": 1790589619,
            "labels": null,
            "milestone_number": 0,
            "number": 3,
            "repository": "terraform-repo-0",
            "title": "Terraform issue 1"
          },
          "sensitive_attributes": [],
          "private": "bnVsbA==",
          "dependencies": [
            "github_repository.terraform-repos"
          ]
        },
        {
          "index_key": 2,
          "schema_version": 0,
          "attributes": {
            "assignees": null,
            "body": "this issue was created with terraform 2",
            "etag": "W/\"17f5ec637868534addb14126f543848f260f7c60847444764b171b44ff632731\"",
            "id": "terraform-repo-0:2",
            "issue_id": 1790589601,
            "labels": null,
            "milestone_number": 0,
            "number": 2,
            "repository": "terraform-repo-0",
            "title": "Terraform issue 2"
          },
          "sensitive_attributes": [],
          "private": "bnVsbA==",
          "dependencies": [
            "github_repository.terraform-repos"
          ]
        }
      ]
    },
    {
      "mode": "managed",
      "type": "github_repository",
      "name": "terraform-repos",
      "provider": "provider[\"registry.terraform.io/integrations/github\"]",
      "instances": [
        {
          "schema_version": 1,
          "attributes": {
            "allow_auto_merge": false,
            "allow_merge_commit": true,
            "allow_rebase_merge": true,
            "allow_squash_merge": true,
            "allow_update_branch": false,
            "archive_on_destroy": null,
            "archived": false,
            "auto_init": true,
            "default_branch": "main",
            "delete_branch_on_merge": false,
            "description": "this repo was created with a terraform github provider",
            "etag": "W/\"9ea7bb6c197ef8383dafc4d653ef812bc3d40d2c5fa4cbea1bfa83a2ed23ed13\"",
            "full_name": "kneyugn/terraform-repo-0",
            "git_clone_url": "git://github.com/kneyugn/terraform-repo-0.git",
            "gitignore_template": null,
            "has_discussions": false,
            "has_downloads": false,
            "has_issues": true,
            "has_projects": false,
            "has_wiki": false,
            "homepage_url": "",
            "html_url": "https://github.com/kneyugn/terraform-repo-0",
            "http_clone_url": "https://github.com/kneyugn/terraform-repo-0.git",
            "id": "terraform-repo-0",
            "ignore_vulnerability_alerts_during_read": null,
            "is_template": false,
            "license_template": null,
            "merge_commit_message": "PR_TITLE",
            "merge_commit_title": "MERGE_MESSAGE",
            "name": "terraform-repo-0",
            "node_id": "R_kgDOJ4HPpQ",
            "pages": [],
            "private": false,
            "repo_id": 662818725,
            "security_and_analysis": [
              {
                "advanced_security": [],
                "secret_scanning": [
                  {
                    "status": "disabled"
                  }
                ],
                "secret_scanning_push_protection": [
                  {
                    "status": "disabled"
                  }
                ]
              }
            ],
            "squash_merge_commit_message": "COMMIT_MESSAGES",
            "squash_merge_commit_title": "COMMIT_OR_PR_TITLE",
            "ssh_clone_url": "git@github.com:kneyugn/terraform-repo-0.git",
            "svn_url": "https://github.com/kneyugn/terraform-repo-0",
            "template": [],
            "topics": [],
            "visibility": "public",
            "vulnerability_alerts": false
          },
          "sensitive_attributes": [],
          "private": "eyJzY2hlbWFfdmVyc2lvbiI6IjEifQ=="
        }
      ]
    },
    {
      "mode": "managed",
      "type": "github_repository_file",
      "name": "file-created",
      "provider": "provider[\"registry.terraform.io/integrations/github\"]",
      "instances": [
        {
          "index_key": ".gitignore",
          "schema_version": 0,
          "attributes": {
            "branch": "main",
            "commit_author": "Terraform User",
            "commit_email": "terraform@example.com",
            "commit_message": "Managed by Terraform",
            "commit_sha": "0d3b237adb155df5eee5495a8c8352aa4b7f388e",
            "content": ".terraform",
            "file": ".gitignore",
            "id": "terraform-repo-0/.gitignore",
            "overwrite_on_create": true,
            "ref": "main",
            "repository": "terraform-repo-0",
            "sha": "0696b3ebc1b70ed8c1b1cc3398283b7b8a77928f"
          },
          "sensitive_attributes": [],
          "private": "bnVsbA==",
          "dependencies": [
            "github_repository.terraform-repos"
          ]
        },
        {
          "index_key": "README.md",
          "schema_version": 0,
          "attributes": {
            "branch": "main",
            "commit_author": "Terraform User",
            "commit_email": "terraform@example.com",
            "commit_message": "Managed by Terraform",
            "commit_sha": "a3b89b78afe564cdf6b91bce0804da6dbda09cae",
            "content": "This readme was created with terraform",
            "file": "README.md",
            "id": "terraform-repo-0/README.md",
            "overwrite_on_create": true,
            "ref": "main",
            "repository": "terraform-repo-0",
            "sha": "9545fa53580a1c7ed878da79d7ac0dbfab313346"
          },
          "sensitive_attributes": [],
          "private": "bnVsbA==",
          "dependencies": [
            "github_repository.terraform-repos"
          ]
        }
      ]
    }
  ],
  "check_results": null
}
